
Microsoft Visual Studio Solution File, Format Version 12.00
# Visual Studio Version 16
VisualStudioVersion = 16.0.31205.134
MinimumVisualStudioVersion = 10.0.40219.1
Project("{9A19103F-16F7-4668-BE54-9A1E7A4F7556}") = "TMG_Test3", "TMG_Test3.csproj", "{1029B965-3F72-4316-87EF-00EF2081916B}"
EndProject
Global
	GlobalSection(SolutionConfigurationPlatforms) = preSolution
		Debug|Any CPU = Debug|Any CPU
		Release|Any CPU = Release|Any CPU
	EndGlobalSection
	GlobalSection(ProjectConfigurationPlatforms) = postSolution
		{1029B965-3F72-4316-87EF-00EF2081916B}.Debug|Any CPU.ActiveCfg = Debug|Any CPU
		{1029B965-3F72-4316-87EF-00EF2081916B}.Debug|Any CPU.Build.0 = Debug|Any CPU
		{1029B965-3F72-4316-87EF-00EF2081916B}.Release|Any CPU.ActiveCfg = Release|Any CPU
		{1029B965-3F72-4316-87EF-00EF2081916B}.Release|Any CPU.Build.0 = Release|Any CPU
	EndGlobalSection
	GlobalSection(SolutionProperties) = preSolution
		HideSolutionNode = FALSE
	EndGlobalSection
	GlobalSection(ExtensibilityGlobals) = postSolution
		SolutionGuid = {BECD4688-CC31-4F53-9A09-3E9AB2303B0D}
	EndGlobalSection
EndGlobal
